
Microsoft Visual Studio Solution File, Format Version 12.00
# Visual Studio Version 17
VisualStudioVersion = 17.9.34607.119
MinimumVisualStudioVersion = 10.0.40219.1
Project("{FAE04EC0-301F-11D3-BF4B-00C04F79EFBC}") = "VSC", "VSC.csproj", "{BAE91046-D462-4136-B6ED-97504528A783}"
EndProject
Global
	GlobalSection(SolutionConfigurationPlatforms) = preSolution
		Debug|Any CPU = Debug|Any CPU
		Release|Any CPU = Release|Any CPU
	EndGlobalSection
	GlobalSection(ProjectConfigurationPlatforms) = postSolution
		{BAE91046-D462-4136-B6ED-97504528A783}.Debug|Any CPU.ActiveCfg = Debug|Any CPU
		{BAE91046-D462-4136-B6ED-97504528A783}.Debug|Any CPU.Build.0 = Debug|Any CPU
		{BAE91046-D462-4136-B6ED-97504528A783}.Release|Any CPU.ActiveCfg = Release|Any CPU
		{BAE91046-D462-4136-B6ED-97504528A783}.Release|Any CPU.Build.0 = Release|Any CPU
	EndGlobalSection
	GlobalSection(SolutionProperties) = preSolution
		HideSolutionNode = FALSE
	EndGlobalSection
	GlobalSection(ExtensibilityGlobals) = postSolution
		SolutionGuid = {597CCFC8-1A37-4919-9885-C495E8EAB8DE}
	EndGlobalSection
EndGlobal
